# This file was autogenerated by Stack.
# You should not edit this file by hand.
# For more information, please see the documentation at:
#   https://docs.haskellstack.org/en/stable/lock_files

packages:
- completed:
    hackage: diagnose-2.0.0@sha256:fdd95a13cdb49465f1bd178827cc1090cde1493599c07673acb3e15e517731f5,5721
    pantry-tree:
      size: 1402
      sha256: beb7ddcc72707373126cdfae46097ed849fd10a6965a2e84e49109e4d59b113d
  original:
    hackage: diagnose-2.0.0@sha256:fdd95a13cdb49465f1bd178827cc1090cde1493599c07673acb3e15e517731f5,5721
- completed:
    hackage: megaparsec-9.2.1@sha256:0b709575e3440a7bc07ef3f57ada765c1808151d56103d9fe42f6faa9763fe2e,3220
    pantry-tree:
      size: 1518
      sha256: 5ed212b347221e94e502a123d04e4aaf926e58b3476f76f149f1eb01885cecce
  original:
    hackage: megaparsec-9.2.1@sha256:0b709575e3440a7bc07ef3f57ada765c1808151d56103d9fe42f6faa9763fe2e,3220
snapshots:
- completed:
    size: 618876
    url: https://raw.githubusercontent.com/commercialhaskell/stackage-snapshots/master/lts/19/6.yaml
    sha256: fb634b19f31da06684bb07ce02a20c75a3162138f279b388905b03ebd57bb50f
  original:
    url: https://raw.githubusercontent.com/commercialhaskell/stackage-snapshots/master/lts/19/6.yaml
